// !$*UTF8*$!
{
	archiveVersion = 1;
	classes = {
	};
	objectVersion = 46;
	objects = {

/* Begin PBXBuildFile section */
		14491481CB61E33898F4BB00 /* Pods_NotAnotherOneTaskUITests.framework in Frameworks */ = {isa = PBXBuildFile; fileRef = 618E0A4C495B651C1C8C8420 /* Pods_NotAnotherOneTaskUITests.framework */; };
		AD76F05E1D5D004C001A3449 /* AppDelegate.swift in Sources */ = {isa = PBXBuildFile; fileRef = AD76F05D1D5D004C001A3449 /* AppDelegate.swift */; };
		AD76F0601D5D004C001A3449 /* EventsViewController.swift in Sources */ = {isa = PBXBuildFile; fileRef = AD76F05F1D5D004C001A3449 /* EventsViewController.swift */; };
		AD76F0621D5D004C001A3449 /* CurrentEventViewController.swift in Sources */ = {isa = PBXBuildFile; fileRef = AD76F0611D5D004C001A3449 /* CurrentEventViewController.swift */; };
		AD76F0651D5D004C001A3449 /* Main.storyboard in Resources */ = {isa = PBXBuildFile; fileRef = AD76F0631D5D004C001A3449 /* Main.storyboard */; };
		AD76F0671D5D004C001A3449 /* Assets.xcassets in Resources */ = {isa = PBXBuildFile; fileRef = AD76F0661D5D004C001A3449 /* Assets.xcassets */; };
		AD76F06A1D5D004C001A3449 /* LaunchScreen.storyboard in Resources */ = {isa = PBXBuildFile; fileRef = AD76F0681D5D004C001A3449 /* LaunchScreen.storyboard */; };
		AD76F0751D5D004C001A3449 /* NotAnotherOneTaskTests.swift in Sources */ = {isa = PBXBuildFile; fileRef = AD76F0741D5D004C001A3449 /* NotAnotherOneTaskTests.swift */; };
		AD76F0801D5D004C001A3449 /* NotAnotherOneTaskUITests.swift in Sources */ = {isa = PBXBuildFile; fileRef = AD76F07F1D5D004C001A3449 /* NotAnotherOneTaskUITests.swift */; };
		ADD965241D5E6999000B3602 /* EventCell.swift in Sources */ = {isa = PBXBuildFile; fileRef = ADD965231D5E6999000B3602 /* EventCell.swift */; };
		ADDDFBD31D672183003C3B5B /* Parser.swift in Sources */ = {isa = PBXBuildFile; fileRef = ADDDFBD21D672183003C3B5B /* Parser.swift */; };
		ADE7472D1D5E3E5C00C1734B /* Event.swift in Sources */ = {isa = PBXBuildFile; fileRef = ADE7472C1D5E3E5C00C1734B /* Event.swift */; };
		ADF9DA101D61F631000879C3 /* music.png in Resources */ = {isa = PBXBuildFile; fileRef = ADF9DA0F1D61F631000879C3 /* music.png */; };
		AF6E9639EAC62224D2BAB460 /* Pods_NotAnotherOneTask.framework in Frameworks */ = {isa = PBXBuildFile; fileRef = 52B730B8D481F73C9EBBD539 /* Pods_NotAnotherOneTask.framework */; };
		B139887D9EBE4E7CAA5FA274 /* Pods_NotAnotherOneTaskTests.framework in Frameworks */ = {isa = PBXBuildFile; fileRef = D3A7732475B7B2473F26C645 /* Pods_NotAnotherOneTaskTests.framework */; };
/* End PBXBuildFile section */

/* Begin PBXContainerItemProxy section */
		AD76F0711D5D004C001A3449 /* PBXContainerItemProxy */ = {
			isa = PBXContainerItemProxy;
			containerPortal = AD76F0521D5D004C001A3449 /* Project object */;
			proxyType = 1;
			remoteGlobalIDString = AD76F0591D5D004C001A3449;
			remoteInfo = NotAnotherOneTask;
		};
		AD76F07C1D5D004C001A3449 /* PBXContainerItemProxy */ = {
			isa = PBXContainerItemProxy;
			containerPortal = AD76F0521D5D004C001A3449 /* Project object */;
			proxyType = 1;
			remoteGlobalIDString = AD76F0591D5D004C001A3449;
			remoteInfo = NotAnotherOneTask;
		};
/* End PBXContainerItemProxy section */

/* Begin PBXFileReference section */
		0A668C08E3CA18F41B5BDAFC /* Pods-NotAnotherOneTaskUITests.release.xcconfig */ = {isa = PBXFileReference; includeInIndex = 1; lastKnownFileType = text.xcconfig; name = "Pods-NotAnotherOneTaskUITests.release.xcconfig"; path = "Pods/Target Support Files/Pods-NotAnotherOneTaskUITests/Pods-NotAnotherOneTaskUITests.release.xcconfig"; sourceTree = "<group>"; };
		4AD6DC1C062B147FF0634EF9 /* Pods-NotAnotherOneTask.debug.xcconfig */ = {isa = PBXFileReference; includeInIndex = 1; lastKnownFileType = text.xcconfig; name = "Pods-NotAnotherOneTask.debug.xcconfig"; path = "Pods/Target Support Files/Pods-NotAnotherOneTask/Pods-NotAnotherOneTask.debug.xcconfig"; sourceTree = "<group>"; };
		52B730B8D481F73C9EBBD539 /* Pods_NotAnotherOneTask.framework */ = {isa = PBXFileReference; explicitFileType = wrapper.framework; includeInIndex = 0; path = Pods_NotAnotherOneTask.framework; sourceTree = BUILT_PRODUCTS_DIR; };
		5A186FC9415EF681780E8F1A /* Pods-NotAnotherOneTaskTests.release.xcconfig */ = {isa = PBXFileReference; includeInIndex = 1; lastKnownFileType = text.xcconfig; name = "Pods-NotAnotherOneTaskTests.release.xcconfig"; path = "Pods/Target Support Files/Pods-NotAnotherOneTaskTests/Pods-NotAnotherOneTaskTests.release.xcconfig"; sourceTree = "<group>"; };
		618E0A4C495B651C1C8C8420 /* Pods_NotAnotherOneTaskUITests.framework */ = {isa = PBXFileReference; explicitFileType = wrapper.framework; includeInIndex = 0; path = Pods_NotAnotherOneTaskUITests.framework; sourceTree = BUILT_PRODUCTS_DIR; };
		A39BCD9C284687AE0789B394 /* Pods-NotAnotherOneTaskUITests.debug.xcconfig */ = {isa = PBXFileReference; includeInIndex = 1; lastKnownFileType = text.xcconfig; name = "Pods-NotAnotherOneTaskUITests.debug.xcconfig"; path = "Pods/Target Support Files/Pods-NotAnotherOneTaskUITests/Pods-NotAnotherOneTaskUITests.debug.xcconfig"; sourceTree = "<group>"; };
		AD76F05A1D5D004C001A3449 /* NotAnotherOneTask.app */ = {isa = PBXFileReference; explicitFileType = wrapper.application; includeInIndex = 0; path = NotAnotherOneTask.app; sourceTree = BUILT_PRODUCTS_DIR; };
		AD76F05D1D5D004C001A3449 /* AppDelegate.swift */ = {isa = PBXFileReference; lastKnownFileType = sourcecode.swift; path = AppDelegate.swift; sourceTree = "<group>"; };
		AD76F05F1D5D004C001A3449 /* EventsViewController.swift */ = {isa = PBXFileReference; lastKnownFileType = sourcecode.swift; path = EventsViewController.swift; sourceTree = "<group>"; };
		AD76F0611D5D004C001A3449 /* CurrentEventViewController.swift */ = {isa = PBXFileReference; lastKnownFileType = sourcecode.swift; path = CurrentEventViewController.swift; sourceTree = "<group>"; };
		AD76F0641D5D004C001A3449 /* Base */ = {isa = PBXFileReference; lastKnownFileType = file.storyboard; name = Base; path = Base.lproj/Main.storyboard; sourceTree = "<group>"; };
		AD76F0661D5D004C001A3449 /* Assets.xcassets */ = {isa = PBXFileReference; lastKnownFileType = folder.assetcatalog; path = Assets.xcassets; sourceTree = "<group>"; };
		AD76F0691D5D004C001A3449 /* Base */ = {isa = PBXFileReference; lastKnownFileType = file.storyboard; name = Base; path = Base.lproj/LaunchScreen.storyboard; sourceTree = "<group>"; };
		AD76F06B1D5D004C001A3449 /* Info.plist */ = {isa = PBXFileReference; lastKnownFileType = text.plist.xml; path = Info.plist; sourceTree = "<group>"; };
		AD76F0701D5D004C001A3449 /* NotAnotherOneTaskTests.xctest */ = {isa = PBXFileReference; explicitFileType = wrapper.cfbundle; includeInIndex = 0; path = NotAnotherOneTaskTests.xctest; sourceTree = BUILT_PRODUCTS_DIR; };
		AD76F0741D5D004C001A3449 /* NotAnotherOneTaskTests.swift */ = {isa = PBXFileReference; lastKnownFileType = sourcecode.swift; path = NotAnotherOneTaskTests.swift; sourceTree = "<group>"; };
		AD76F0761D5D004C001A3449 /* Info.plist */ = {isa = PBXFileReference; lastKnownFileType = text.plist.xml; path = Info.plist; sourceTree = "<group>"; };
		AD76F07B1D5D004C001A3449 /* NotAnotherOneTaskUITests.xctest */ = {isa = PBXFileReference; explicitFileType = wrapper.cfbundle; includeInIndex = 0; path = NotAnotherOneTaskUITests.xctest; sourceTree = BUILT_PRODUCTS_DIR; };
		AD76F07F1D5D004C001A3449 /* NotAnotherOneTaskUITests.swift */ = {isa = PBXFileReference; lastKnownFileType = sourcecode.swift; path = NotAnotherOneTaskUITests.swift; sourceTree = "<group>"; };
		AD76F0811D5D004C001A3449 /* Info.plist */ = {isa = PBXFileReference; lastKnownFileType = text.plist.xml; path = Info.plist; sourceTree = "<group>"; };
		ADC78D131D623FCE00055C83 /* NotAnotherOneTask-Bridging-Header.h */ = {isa = PBXFileReference; lastKnownFileType = sourcecode.c.h; path = "NotAnotherOneTask-Bridging-Header.h"; sourceTree = "<group>"; };
		ADD965231D5E6999000B3602 /* EventCell.swift */ = {isa = PBXFileReference; fileEncoding = 4; lastKnownFileType = sourcecode.swift; path = EventCell.swift; sourceTree = "<group>"; };
		ADDDFBD21D672183003C3B5B /* Parser.swift */ = {isa = PBXFileReference; fileEncoding = 4; lastKnownFileType = sourcecode.swift; path = Parser.swift; sourceTree = "<group>"; };
		ADE7472C1D5E3E5C00C1734B /* Event.swift */ = {isa = PBXFileReference; fileEncoding = 4; lastKnownFileType = sourcecode.swift; path = Event.swift; sourceTree = "<group>"; };
		ADF9DA0F1D61F631000879C3 /* music.png */ = {isa = PBXFileReference; lastKnownFileType = image.png; path = music.png; sourceTree = "<group>"; };
		D3A7732475B7B2473F26C645 /* Pods_NotAnotherOneTaskTests.framework */ = {isa = PBXFileReference; explicitFileType = wrapper.framework; includeInIndex = 0; path = Pods_NotAnotherOneTaskTests.framework; sourceTree = BUILT_PRODUCTS_DIR; };
		D447A3DEE4C5E6E4CA60D73B /* Pods-NotAnotherOneTask.release.xcconfig */ = {isa = PBXFileReference; includeInIndex = 1; lastKnownFileType = text.xcconfig; name = "Pods-NotAnotherOneTask.release.xcconfig"; path = "Pods/Target Support Files/Pods-NotAnotherOneTask/Pods-NotAnotherOneTask.release.xcconfig"; sourceTree = "<group>"; };
		FA9848638E7A7682FD9E66F3 /* Pods-NotAnotherOneTaskTests.debug.xcconfig */ = {isa = PBXFileReference; includeInIndex = 1; lastKnownFileType = text.xcconfig; name = "Pods-NotAnotherOneTaskTests.debug.xcconfig"; path = "Pods/Target Support Files/Pods-NotAnotherOneTaskTests/Pods-NotAnotherOneTaskTests.debug.xcconfig"; sourceTree = "<group>"; };
/* End PBXFileReference section */

/* Begin PBXFrameworksBuildPhase section */
		AD76F0571D5D004C001A3449 /* Frameworks */ = {
			isa = PBXFrameworksBuildPhase;
			buildActionMask = 2147483647;
			files = (
				AF6E9639EAC62224D2BAB460 /* Pods_NotAnotherOneTask.framework in Frameworks */,
			);
			runOnlyForDeploymentPostprocessing = 0;
		};
		AD76F06D1D5D004C001A3449 /* Frameworks */ = {
			isa = PBXFrameworksBuildPhase;
			buildActionMask = 2147483647;
			files = (
				B139887D9EBE4E7CAA5FA274 /* Pods_NotAnotherOneTaskTests.framework in Frameworks */,
			);
			runOnlyForDeploymentPostprocessing = 0;
		};
		AD76F0781D5D004C001A3449 /* Frameworks */ = {
			isa = PBXFrameworksBuildPhase;
			buildActionMask = 2147483647;
			files = (
				14491481CB61E33898F4BB00 /* Pods_NotAnotherOneTaskUITests.framework in Frameworks */,
			);
			runOnlyForDeploymentPostprocessing = 0;
		};
/* End PBXFrameworksBuildPhase section */

/* Begin PBXGroup section */
		AD76F0511D5D004C001A3449 = {
			isa = PBXGroup;
			children = (
				AD76F05C1D5D004C001A3449 /* NotAnotherOneTask */,
				AD76F0731D5D004C001A3449 /* NotAnotherOneTaskTests */,
				AD76F07E1D5D004C001A3449 /* NotAnotherOneTaskUITests */,
				AD76F05B1D5D004C001A3449 /* Products */,
				AF51C4514385FA2DC7F5051F /* Pods */,
				E5034B8E2E5A8227C7EF4A10 /* Frameworks */,
			);
			sourceTree = "<group>";
		};
		AD76F05B1D5D004C001A3449 /* Products */ = {
			isa = PBXGroup;
			children = (
				AD76F05A1D5D004C001A3449 /* NotAnotherOneTask.app */,
				AD76F0701D5D004C001A3449 /* NotAnotherOneTaskTests.xctest */,
				AD76F07B1D5D004C001A3449 /* NotAnotherOneTaskUITests.xctest */,
			);
			name = Products;
			sourceTree = "<group>";
		};
		AD76F05C1D5D004C001A3449 /* NotAnotherOneTask */ = {
			isa = PBXGroup;
			children = (
				ADD965201D5E5566000B3602 /* Controllers */,
				ADD9651F1D5E5556000B3602 /* Models */,
				ADD965221D5E5600000B3602 /* Views */,
				ADDDFBD11D672167003C3B5B /* Other */,
				ADD965211D5E55AD000B3602 /* Support Files */,
			);
			path = NotAnotherOneTask;
			sourceTree = "<group>";
		};
		AD76F0731D5D004C001A3449 /* NotAnotherOneTaskTests */ = {
			isa = PBXGroup;
			children = (
				AD76F0741D5D004C001A3449 /* NotAnotherOneTaskTests.swift */,
				AD76F0761D5D004C001A3449 /* Info.plist */,
			);
			path = NotAnotherOneTaskTests;
			sourceTree = "<group>";
		};
		AD76F07E1D5D004C001A3449 /* NotAnotherOneTaskUITests */ = {
			isa = PBXGroup;
			children = (
				AD76F07F1D5D004C001A3449 /* NotAnotherOneTaskUITests.swift */,
				AD76F0811D5D004C001A3449 /* Info.plist */,
			);
			path = NotAnotherOneTaskUITests;
			sourceTree = "<group>";
		};
		ADD9651F1D5E5556000B3602 /* Models */ = {
			isa = PBXGroup;
			children = (
				ADE7472C1D5E3E5C00C1734B /* Event.swift */,
			);
			name = Models;
			sourceTree = "<group>";
		};
		ADD965201D5E5566000B3602 /* Controllers */ = {
			isa = PBXGroup;
			children = (
				AD76F05F1D5D004C001A3449 /* EventsViewController.swift */,
				AD76F0611D5D004C001A3449 /* CurrentEventViewController.swift */,
				ADD965231D5E6999000B3602 /* EventCell.swift */,
			);
			name = Controllers;
			sourceTree = "<group>";
		};
		ADD965211D5E55AD000B3602 /* Support Files */ = {
			isa = PBXGroup;
			children = (
				ADF9DA0F1D61F631000879C3 /* music.png */,
				AD76F0661D5D004C001A3449 /* Assets.xcassets */,
				AD76F06B1D5D004C001A3449 /* Info.plist */,
			);
			name = "Support Files";
			sourceTree = "<group>";
		};
		ADD965221D5E5600000B3602 /* Views */ = {
			isa = PBXGroup;
			children = (
				AD76F0631D5D004C001A3449 /* Main.storyboard */,
				AD76F0681D5D004C001A3449 /* LaunchScreen.storyboard */,
			);
			name = Views;
			sourceTree = "<group>";
		};
		ADDDFBD11D672167003C3B5B /* Other */ = {
			isa = PBXGroup;
			children = (
				ADDDFBD21D672183003C3B5B /* Parser.swift */,
				AD76F05D1D5D004C001A3449 /* AppDelegate.swift */,
				ADC78D131D623FCE00055C83 /* NotAnotherOneTask-Bridging-Header.h */,
			);
			name = Other;
			sourceTree = "<group>";
		};
		AF51C4514385FA2DC7F5051F /* Pods */ = {
			isa = PBXGroup;
			children = (
				4AD6DC1C062B147FF0634EF9 /* Pods-NotAnotherOneTask.debug.xcconfig */,
				D447A3DEE4C5E6E4CA60D73B /* Pods-NotAnotherOneTask.release.xcconfig */,
				FA9848638E7A7682FD9E66F3 /* Pods-NotAnotherOneTaskTests.debug.xcconfig */,
				5A186FC9415EF681780E8F1A /* Pods-NotAnotherOneTaskTests.release.xcconfig */,
				A39BCD9C284687AE0789B394 /* Pods-NotAnotherOneTaskUITests.debug.xcconfig */,
				0A668C08E3CA18F41B5BDAFC /* Pods-NotAnotherOneTaskUITests.release.xcconfig */,
			);
			name = Pods;
			sourceTree = "<group>";
		};
		E5034B8E2E5A8227C7EF4A10 /* Frameworks */ = {
			isa = PBXGroup;
			children = (
				52B730B8D481F73C9EBBD539 /* Pods_NotAnotherOneTask.framework */,
				D3A7732475B7B2473F26C645 /* Pods_NotAnotherOneTaskTests.framework */,
				618E0A4C495B651C1C8C8420 /* Pods_NotAnotherOneTaskUITests.framework */,
			);
			name = Frameworks;
			sourceTree = "<group>";
		};
/* End PBXGroup section */

/* Begin PBXNativeTarget section */
		AD76F0591D5D004C001A3449 /* NotAnotherOneTask */ = {
			isa = PBXNativeTarget;
			buildConfigurationList = AD76F0841D5D004C001A3449 /* Build configuration list for PBXNativeTarget "NotAnotherOneTask" */;
			buildPhases = (
				4504669A6399339BE006EEB5 /* [CP] Check Pods Manifest.lock */,
				AD76F0561D5D004C001A3449 /* Sources */,
				AD76F0571D5D004C001A3449 /* Frameworks */,
				AD76F0581D5D004C001A3449 /* Resources */,
				9946040D50C69BDF6C68645C /* [CP] Embed Pods Frameworks */,
				A2E147B1E9DB18362F15772A /* [CP] Copy Pods Resources */,
			);
			buildRules = (
			);
			dependencies = (
			);
			name = NotAnotherOneTask;
			productName = NotAnotherOneTask;
			productReference = AD76F05A1D5D004C001A3449 /* NotAnotherOneTask.app */;
			productType = "com.apple.product-type.application";
		};
		AD76F06F1D5D004C001A3449 /* NotAnotherOneTaskTests */ = {
			isa = PBXNativeTarget;
			buildConfigurationList = AD76F0871D5D004C001A3449 /* Build configuration list for PBXNativeTarget "NotAnotherOneTaskTests" */;
			buildPhases = (
				1EB049C4AEFF4C381CFC76FC /* [CP] Check Pods Manifest.lock */,
				AD76F06C1D5D004C001A3449 /* Sources */,
				AD76F06D1D5D004C001A3449 /* Frameworks */,
				AD76F06E1D5D004C001A3449 /* Resources */,
				2C5A29968B6417B893783D20 /* [CP] Embed Pods Frameworks */,
				13485F144500AF73F7A259C2 /* [CP] Copy Pods Resources */,
			);
			buildRules = (
			);
			dependencies = (
				AD76F0721D5D004C001A3449 /* PBXTargetDependency */,
			);
			name = NotAnotherOneTaskTests;
			productName = NotAnotherOneTaskTests;
			productReference = AD76F0701D5D004C001A3449 /* NotAnotherOneTaskTests.xctest */;
			productType = "com.apple.product-type.bundle.unit-test";
		};
		AD76F07A1D5D004C001A3449 /* NotAnotherOneTaskUITests */ = {
			isa = PBXNativeTarget;
			buildConfigurationList = AD76F08A1D5D004C001A3449 /* Build configuration list for PBXNativeTarget "NotAnotherOneTaskUITests" */;
			buildPhases = (
				1666690D8D20A8BBF9C2C15A /* [CP] Check Pods Manifest.lock */,
				AD76F0771D5D004C001A3449 /* Sources */,
				AD76F0781D5D004C001A3449 /* Frameworks */,
				AD76F0791D5D004C001A3449 /* Resources */,
				8508B0DE91632099432F1929 /* [CP] Copy Pods Resources */,
			);
			buildRules = (
			);
			dependencies = (
				AD76F07D1D5D004C001A3449 /* PBXTargetDependency */,
			);
			name = NotAnotherOneTaskUITests;
			productName = NotAnotherOneTaskUITests;
			productReference = AD76F07B1D5D004C001A3449 /* NotAnotherOneTaskUITests.xctest */;
			productType = "com.apple.product-type.bundle.ui-testing";
		};
/* End PBXNativeTarget section */

/* Begin PBXProject section */
		AD76F0521D5D004C001A3449 /* Project object */ = {
			isa = PBXProject;
			attributes = {
				LastSwiftUpdateCheck = 0730;
				LastUpgradeCheck = 0730;
				ORGANIZATIONNAME = Andrew;
				TargetAttributes = {
					AD76F0591D5D004C001A3449 = {
						CreatedOnToolsVersion = 7.3.1;
						DevelopmentTeam = 5CM6D7747V;
						SystemCapabilities = {
							com.apple.Maps.iOS = {
								enabled = 0;
							};
						};
					};
					AD76F06F1D5D004C001A3449 = {
						CreatedOnToolsVersion = 7.3.1;
						TestTargetID = AD76F0591D5D004C001A3449;
					};
					AD76F07A1D5D004C001A3449 = {
						CreatedOnToolsVersion = 7.3.1;
						TestTargetID = AD76F0591D5D004C001A3449;
					};
				};
			};
			buildConfigurationList = AD76F0551D5D004C001A3449 /* Build configuration list for PBXProject "NotAnotherOneTask" */;
			compatibilityVersion = "Xcode 3.2";
			developmentRegion = English;
			hasScannedForEncodings = 0;
			knownRegions = (
				en,
				Base,
			);
			mainGroup = AD76F0511D5D004C001A3449;
			productRefGroup = AD76F05B1D5D004C001A3449 /* Products */;
			projectDirPath = "";
			projectRoot = "";
			targets = (
				AD76F0591D5D004C001A3449 /* NotAnotherOneTask */,
				AD76F06F1D5D004C001A3449 /* NotAnotherOneTaskTests */,
				AD76F07A1D5D004C001A3449 /* NotAnotherOneTaskUITests */,
			);
		};
/* End PBXProject section */

/* Begin PBXResourcesBuildPhase section */
		AD76F0581D5D004C001A3449 /* Resources */ = {
			isa = PBXResourcesBuildPhase;
			buildActionMask = 2147483647;
			files = (
				AD76F06A1D5D004C001A3449 /* LaunchScreen.storyboard in Resources */,
				ADF9DA101D61F631000879C3 /* music.png in Resources */,
				AD76F0671D5D004C001A3449 /* Assets.xcassets in Resources */,
				AD76F0651D5D004C001A3449 /* Main.storyboard in Resources */,
			);
			runOnlyForDeploymentPostprocessing = 0;
		};
		AD76F06E1D5D004C001A3449 /* Resources */ = {
			isa = PBXResourcesBuildPhase;
			buildActionMask = 2147483647;
			files = (
			);
			runOnlyForDeploymentPostprocessing = 0;
		};
		AD76F0791D5D004C001A3449 /* Resources */ = {
			isa = PBXResourcesBuildPhase;
			buildActionMask = 2147483647;
			files = (
			);
			runOnlyForDeploymentPostprocessing = 0;
		};
/* End PBXResourcesBuildPhase section */

/* Begin PBXShellScriptBuildPhase section */
		13485F144500AF73F7A259C2 /* [CP] Copy Pods Resources */ = {
			isa = PBXShellScriptBuildPhase;
			buildActionMask = 2147483647;
			files = (
			);
			inputPaths = (
			);
			name = "[CP] Copy Pods Resources";
			outputPaths = (
			);
			runOnlyForDeploymentPostprocessing = 0;
			shellPath = /bin/sh;
			shellScript = "\"${SRCROOT}/Pods/Target Support Files/Pods-NotAnotherOneTaskTests/Pods-NotAnotherOneTaskTests-resources.sh\"\n";
			showEnvVarsInLog = 0;
		};
		1666690D8D20A8BBF9C2C15A /* [CP] Check Pods Manifest.lock */ = {
			isa = PBXShellScriptBuildPhase;
			buildActionMask = 2147483647;
			files = (
			);
			inputPaths = (
			);
			name = "[CP] Check Pods Manifest.lock";
			outputPaths = (
			);
			runOnlyForDeploymentPostprocessing = 0;
			shellPath = /bin/sh;
			shellScript = "diff \"${PODS_ROOT}/../Podfile.lock\" \"${PODS_ROOT}/Manifest.lock\" > /dev/null\nif [[ $? != 0 ]] ; then\n    cat << EOM\nerror: The sandbox is not in sync with the Podfile.lock. Run 'pod install' or update your CocoaPods installation.\nEOM\n    exit 1\nfi\n";
			showEnvVarsInLog = 0;
		};
		1EB049C4AEFF4C381CFC76FC /* [CP] Check Pods Manifest.lock */ = {
			isa = PBXShellScriptBuildPhase;
			buildActionMask = 2147483647;
			files = (
			);
			inputPaths = (
			);
			name = "[CP] Check Pods Manifest.lock";
			outputPaths = (
			);
			runOnlyForDeploymentPostprocessing = 0;
			shellPath = /bin/sh;
			shellScript = "diff \"${PODS_ROOT}/../Podfile.lock\" \"${PODS_ROOT}/Manifest.lock\" > /dev/null\nif [[ $? != 0 ]] ; then\n    cat << EOM\nerror: The sandbox is not in sync with the Podfile.lock. Run 'pod install' or update your CocoaPods installation.\nEOM\n    exit 1\nfi\n";
			showEnvVarsInLog = 0;
		};
		2C5A29968B6417B893783D20 /* [CP] Embed Pods Frameworks */ = {
			isa = PBXShellScriptBuildPhase;
			buildActionMask = 2147483647;
			files = (
			);
			inputPaths = (
			);
			name = "[CP] Embed Pods Frameworks";
			outputPaths = (
			);
			runOnlyForDeploymentPostprocessing = 0;
			shellPath = /bin/sh;
			shellScript = "\"${SRCROOT}/Pods/Target Support Files/Pods-NotAnotherOneTaskTests/Pods-NotAnotherOneTaskTests-frameworks.sh\"\n";
			showEnvVarsInLog = 0;
		};
		4504669A6399339BE006EEB5 /* [CP] Check Pods Manifest.lock */ = {
			isa = PBXShellScriptBuildPhase;
			buildActionMask = 2147483647;
			files = (
			);
			inputPaths = (
			);
			name = "[CP] Check Pods Manifest.lock";
			outputPaths = (
			);
			runOnlyForDeploymentPostprocessing = 0;
			shellPath = /bin/sh;
			shellScript = "diff \"${PODS_ROOT}/../Podfile.lock\" \"${PODS_ROOT}/Manifest.lock\" > /dev/null\nif [[ $? != 0 ]] ; then\n    cat << EOM\nerror: The sandbox is not in sync with the Podfile.lock. Run 'pod install' or update your CocoaPods installation.\nEOM\n    exit 1\nfi\n";
			showEnvVarsInLog = 0;
		};
		8508B0DE91632099432F1929 /* [CP] Copy Pods Resources */ = {
			isa = PBXShellScriptBuildPhase;
			buildActionMask = 2147483647;
			files = (
			);
			inputPaths = (
			);
			name = "[CP] Copy Pods Resources";
			outputPaths = (
			);
			runOnlyForDeploymentPostprocessing = 0;
			shellPath = /bin/sh;
			shellScript = "\"${SRCROOT}/Pods/Target Support Files/Pods-NotAnotherOneTaskUITests/Pods-NotAnotherOneTaskUITests-resources.sh\"\n";
			showEnvVarsInLog = 0;
		};
		9946040D50C69BDF6C68645C /* [CP] Embed Pods Frameworks */ = {
			isa = PBXShellScriptBuildPhase;
			buildActionMask = 2147483647;
			files = (
			);
			inputPaths = (
			);
			name = "[CP] Embed Pods Frameworks";
			outputPaths = (
			);
			runOnlyForDeploymentPostprocessing = 0;
			shellPath = /bin/sh;
			shellScript = "\"${SRCROOT}/Pods/Target Support Files/Pods-NotAnotherOneTask/Pods-NotAnotherOneTask-frameworks.sh\"\n";
			showEnvVarsInLog = 0;
		};
		A2E147B1E9DB18362F15772A /* [CP] Copy Pods Resources */ = {
			isa = PBXShellScriptBuildPhase;
			buildActionMask = 2147483647;
			files = (
			);
			inputPaths = (
			);
			name = "[CP] Copy Pods Resources";
			outputPaths = (
			);
			runOnlyForDeploymentPostprocessing = 0;
			shellPath = /bin/sh;
			shellScript = "\"${SRCROOT}/Pods/Target Support Files/Pods-NotAnotherOneTask/Pods-NotAnotherOneTask-resources.sh\"\n";
			showEnvVarsInLog = 0;
		};
/* End PBXShellScriptBuildPhase section */

/* Begin PBXSourcesBuildPhase section */
		AD76F0561D5D004C001A3449 /* Sources */ = {
			isa = PBXSourcesBuildPhase;
			buildActionMask = 2147483647;
			files = (
				AD76F0621D5D004C001A3449 /* CurrentEventViewController.swift in Sources */,
				AD76F0601D5D004C001A3449 /* EventsViewController.swift in Sources */,
				ADDDFBD31D672183003C3B5B /* Parser.swift in Sources */,
				AD76F05E1D5D004C001A3449 /* AppDelegate.swift in Sources */,
				ADD965241D5E6999000B3602 /* EventCell.swift in Sources */,
				ADE7472D1D5E3E5C00C1734B /* Event.swift in Sources */,
			);
			runOnlyForDeploymentPostprocessing = 0;
		};
		AD76F06C1D5D004C001A3449 /* Sources */ = {
			isa = PBXSourcesBuildPhase;
			buildActionMask = 2147483647;
			files = (
				AD76F0751D5D004C001A3449 /* NotAnotherOneTaskTests.swift in Sources */,
			);
			runOnlyForDeploymentPostprocessing = 0;
		};
		AD76F0771D5D004C001A3449 /* Sources */ = {
			isa = PBXSourcesBuildPhase;
			buildActionMask = 2147483647;
			files = (
				AD76F0801D5D004C001A3449 /* NotAnotherOneTaskUITests.swift in Sources */,
			);
			runOnlyForDeploymentPostprocessing = 0;
		};
/* End PBXSourcesBuildPhase section */

/* Begin PBXTargetDependency section */
		AD76F0721D5D004C001A3449 /* PBXTargetDependency */ = {
			isa = PBXTargetDependency;
			target = AD76F0591D5D004C001A3449 /* NotAnotherOneTask */;
			targetProxy = AD76F0711D5D004C001A3449 /* PBXContainerItemProxy */;
		};
		AD76F07D1D5D004C001A3449 /* PBXTargetDependency */ = {
			isa = PBXTargetDependency;
			target = AD76F0591D5D004C001A3449 /* NotAnotherOneTask */;
			targetProxy = AD76F07C1D5D004C001A3449 /* PBXContainerItemProxy */;
		};
/* End PBXTargetDependency section */

/* Begin PBXVariantGroup section */
		AD76F0631D5D004C001A3449 /* Main.storyboard */ = {
			isa = PBXVariantGroup;
			children = (
				AD76F0641D5D004C001A3449 /* Base */,
			);
			name = Main.storyboard;
			sourceTree = "<group>";
		};
		AD76F0681D5D004C001A3449 /* LaunchScreen.storyboard */ = {
			isa = PBXVariantGroup;
			children = (
				AD76F0691D5D004C001A3449 /* Base */,
			);
			name = LaunchScreen.storyboard;
			sourceTree = "<group>";
		};
/* End PBXVariantGroup section */

/* Begin XCBuildConfiguration section */
		AD76F0821D5D004C001A3449 /* Debug */ = {
			isa = XCBuildConfiguration;
			buildSettings = {
				ALWAYS_SEARCH_USER_PATHS = NO;
				CLANG_ANALYZER_NONNULL = YES;
				CLANG_CXX_LANGUAGE_STANDARD = "gnu++0x";
				CLANG_CXX_LIBRARY = "libc++";
				CLANG_ENABLE_MODULES = YES;
				CLANG_ENABLE_OBJC_ARC = YES;
				CLANG_WARN_BOOL_CONVERSION = YES;
				CLANG_WARN_CONSTANT_CONVERSION = YES;
				CLANG_WARN_DIRECT_OBJC_ISA_USAGE = YES_ERROR;
				CLANG_WARN_EMPTY_BODY = YES;
				CLANG_WARN_ENUM_CONVERSION = YES;
				CLANG_WARN_INT_CONVERSION = YES;
				CLANG_WARN_OBJC_ROOT_CLASS = YES_ERROR;
				CLANG_WARN_UNREACHABLE_CODE = YES;
				CLANG_WARN__DUPLICATE_METHOD_MATCH = YES;
				"CODE_SIGN_IDENTITY[sdk=iphoneos*]" = "iPhone Developer";
				COPY_PHASE_STRIP = NO;
				DEBUG_INFORMATION_FORMAT = dwarf;
				ENABLE_STRICT_OBJC_MSGSEND = YES;
				ENABLE_TESTABILITY = YES;
				GCC_C_LANGUAGE_STANDARD = gnu99;
				GCC_DYNAMIC_NO_PIC = NO;
				GCC_NO_COMMON_BLOCKS = YES;
				GCC_OPTIMIZATION_LEVEL = 0;
				GCC_PREPROCESSOR_DEFINITIONS = (
					"DEBUG=1",
					"$(inherited)",
				);
				GCC_WARN_64_TO_32_BIT_CONVERSION = YES;
				GCC_WARN_ABOUT_RETURN_TYPE = YES_ERROR;
				GCC_WARN_UNDECLARED_SELECTOR = YES;
				GCC_WARN_UNINITIALIZED_AUTOS = YES_AGGRESSIVE;
				GCC_WARN_UNUSED_FUNCTION = YES;
				GCC_WARN_UNUSED_VARIABLE = YES;
				IPHONEOS_DEPLOYMENT_TARGET = 8.0;
				MTL_ENABLE_DEBUG_INFO = YES;
				ONLY_ACTIVE_ARCH = YES;
				SDKROOT = iphoneos;
				SWIFT_OPTIMIZATION_LEVEL = "-Onone";
				TARGETED_DEVICE_FAMILY = "1,2";
			};
			name = Debug;
		};
		AD76F0831D5D004C001A3449 /* Release */ = {
			isa = XCBuildConfiguration;
			buildSettings = {
				ALWAYS_SEARCH_USER_PATHS = NO;
				CLANG_ANALYZER_NONNULL = YES;
				CLANG_CXX_LANGUAGE_STANDARD = "gnu++0x";
				CLANG_CXX_LIBRARY = "libc++";
				CLANG_ENABLE_MODULES = YES;
				CLANG_ENABLE_OBJC_ARC = YES;
				CLANG_WARN_BOOL_CONVERSION = YES;
				CLANG_WARN_CONSTANT_CONVERSION = YES;
				CLANG_WARN_DIRECT_OBJC_ISA_USAGE = YES_ERROR;
				CLANG_WARN_EMPTY_BODY = YES;
				CLANG_WARN_ENUM_CONVERSION = YES;
				CLANG_WARN_INT_CONVERSION = YES;
				CLANG_WARN_OBJC_ROOT_CLASS = YES_ERROR;
				CLANG_WARN_UNREACHABLE_CODE = YES;
				CLANG_WARN__DUPLICATE_METHOD_MATCH = YES;
				"CODE_SIGN_IDENTITY[sdk=iphoneos*]" = "iPhone Developer";
				COPY_PHASE_STRIP = NO;
				DEBUG_INFORMATION_FORMAT = "dwarf-with-dsym";
				ENABLE_NS_ASSERTIONS = NO;
				ENABLE_STRICT_OBJC_MSGSEND = YES;
				GCC_C_LANGUAGE_STANDARD = gnu99;
				GCC_NO_COMMON_BLOCKS = YES;
				GCC_WARN_64_TO_32_BIT_CONVERSION = YES;
				GCC_WARN_ABOUT_RETURN_TYPE = YES_ERROR;
				GCC_WARN_UNDECLARED_SELECTOR = YES;
				GCC_WARN_UNINITIALIZED_AUTOS = YES_AGGRESSIVE;
				GCC_WARN_UNUSED_FUNCTION = YES;
				GCC_WARN_UNUSED_VARIABLE = YES;
				IPHONEOS_DEPLOYMENT_TARGET = 8.0;
				MTL_ENABLE_DEBUG_INFO = NO;
				SDKROOT = iphoneos;
				TARGETED_DEVICE_FAMILY = "1,2";
				VALIDATE_PRODUCT = YES;
			};
			name = Release;
		};
		AD76F0851D5D004C001A3449 /* Debug */ = {
			isa = XCBuildConfiguration;
			baseConfigurationReference = 4AD6DC1C062B147FF0634EF9 /* Pods-NotAnotherOneTask.debug.xcconfig */;
			buildSettings = {
				ASSETCATALOG_COMPILER_APPICON_NAME = AppIcon;
				CLANG_ENABLE_MODULES = YES;
				CODE_SIGN_IDENTITY = "iPhone Developer";
				"CODE_SIGN_IDENTITY[sdk=iphoneos*]" = "iPhone Developer";
				INFOPLIST_FILE = NotAnotherOneTask/Info.plist;
				IPHONEOS_DEPLOYMENT_TARGET = 8.0;
				LD_RUNPATH_SEARCH_PATHS = "$(inherited) @executable_path/Frameworks";
				OTHER_LDFLAGS = (
					"$(inherited)",
					"-ObjC",
					"-l\"c++\"",
					"-l\"z\"",
					"-framework",
					"\"Accelerate\"",
					"-framework",
					"\"CoreData\"",
					"-framework",
					"\"CoreGraphics\"",
					"-framework",
					"\"CoreLocation\"",
					"-framework",
					"\"CoreText\"",
					"-framework",
					"\"GLKit\"",
					"-framework",
					"\"GoogleMaps\"",
					"-framework",
					"\"GoogleMapsBase\"",
					"-framework",
					"\"GoogleMapsCore\"",
					"-framework",
					"\"ImageIO\"",
					"-framework",
					"\"OpenGLES\"",
					"-framework",
					"\"QuartzCore\"",
					"-framework",
					"\"SystemConfiguration\"",
					"-framework",
					"\"UIKit\"",
					"-ObjC",
				);
				PRODUCT_BUNDLE_IDENTIFIER = com.NotAnotherOneTest.Andrew;
				PRODUCT_NAME = "$(TARGET_NAME)";
				PROVISIONING_PROFILE = "";
				SWIFT_OBJC_BRIDGING_HEADER = "NotAnotherOneTask/NotAnotherOneTask-Bridging-Header.h";
				SWIFT_OPTIMIZATION_LEVEL = "-Onone";
			};
			name = Debug;
		};
		AD76F0861D5D004C001A3449 /* Release */ = {
			isa = XCBuildConfiguration;
			baseConfigurationReference = D447A3DEE4C5E6E4CA60D73B /* Pods-NotAnotherOneTask.release.xcconfig */;
			buildSettings = {
				ASSETCATALOG_COMPILER_APPICON_NAME = AppIcon;
				CLANG_ENABLE_MODULES = YES;
				CODE_SIGN_IDENTITY = "iPhone Developer";
				"CODE_SIGN_IDENTITY[sdk=iphoneos*]" = "iPhone Developer";
				INFOPLIST_FILE = NotAnotherOneTask/Info.plist;
				IPHONEOS_DEPLOYMENT_TARGET = 8.0;
				LD_RUNPATH_SEARCH_PATHS = "$(inherited) @executable_path/Frameworks";
				OTHER_LDFLAGS = (
					"$(inherited)",
					"-ObjC",
					"-l\"c++\"",
					"-l\"z\"",
					"-framework",
					"\"Accelerate\"",
					"-framework",
					"\"CoreData\"",
					"-framework",
					"\"CoreGraphics\"",
					"-framework",
					"\"CoreLocation\"",
					"-framework",
					"\"CoreText\"",
					"-framework",
					"\"GLKit\"",
					"-framework",
					"\"GoogleMaps\"",
					"-framework",
					"\"GoogleMapsBase\"",
					"-framework",
					"\"GoogleMapsCore\"",
					"-framework",
					"\"ImageIO\"",
					"-framework",
					"\"OpenGLES\"",
					"-framework",
					"\"QuartzCore\"",
					"-framework",
					"\"SystemConfiguration\"",
					"-framework",
					"\"UIKit\"",
					"-ObjC",
				);
				PRODUCT_BUNDLE_IDENTIFIER = com.NotAnotherOneTest.Andrew;
				PRODUCT_NAME = "$(TARGET_NAME)";
				PROVISIONING_PROFILE = "";
				SWIFT_OBJC_BRIDGING_HEADER = "NotAnotherOneTask/NotAnotherOneTask-Bridging-Header.h";
			};
			name = Release;
		};
		AD76F0881D5D004C001A3449 /* Debug */ = {
			isa = XCBuildConfiguration;
			baseConfigurationReference = FA9848638E7A7682FD9E66F3 /* Pods-NotAnotherOneTaskTests.debug.xcconfig */;
			buildSettings = {
				BUNDLE_LOADER = "$(TEST_HOST)";
				INFOPLIST_FILE = NotAnotherOneTaskTests/Info.plist;
				LD_RUNPATH_SEARCH_PATHS = "$(inherited) @executable_path/Frameworks @loader_path/Frameworks";
				PRODUCT_BUNDLE_IDENTIFIER = Minroff.NotAnotherOneTaskTests;
				PRODUCT_NAME = "$(TARGET_NAME)";
				TEST_HOST = "$(BUILT_PRODUCTS_DIR)/NotAnotherOneTask.app/NotAnotherOneTask";
			};
			name = Debug;
		};
		AD76F0891D5D004C001A3449 /* Release */ = {
			isa = XCBuildConfiguration;
			baseConfigurationReference = 5A186FC9415EF681780E8F1A /* Pods-NotAnotherOneTaskTests.release.xcconfig */;
			buildSettings = {
				BUNDLE_LOADER = "$(TEST_HOST)";
				INFOPLIST_FILE = NotAnotherOneTaskTests/Info.plist;
				LD_RUNPATH_SEARCH_PATHS = "$(inherited) @executable_path/Frameworks @loader_path/Frameworks";
				PRODUCT_BUNDLE_IDENTIFIER = Minroff.NotAnotherOneTaskTests;
				PRODUCT_NAME = "$(TARGET_NAME)";
				TEST_HOST = "$(BUILT_PRODUCTS_DIR)/NotAnotherOneTask.app/NotAnotherOneTask";
			};
			name = Release;
		};
		AD76F08B1D5D004C001A3449 /* Debug */ = {
			isa = XCBuildConfiguration;
			baseConfigurationReference = A39BCD9C284687AE0789B394 /* Pods-NotAnotherOneTaskUITests.debug.xcconfig */;
			buildSettings = {
				INFOPLIST_FILE = NotAnotherOneTaskUITests/Info.plist;
				LD_RUNPATH_SEARCH_PATHS = "$(inherited) @executable_path/Frameworks @loader_path/Frameworks";
				PRODUCT_BUNDLE_IDENTIFIER = Minroff.NotAnotherOneTaskUITests;
				PRODUCT_NAME = "$(TARGET_NAME)";
				TEST_TARGET_NAME = NotAnotherOneTask;
			};
			name = Debug;
		};
		AD76F08C1D5D004C001A3449 /* Release */ = {
			isa = XCBuildConfiguration;
			baseConfigurationReference = 0A668C08E3CA18F41B5BDAFC /* Pods-NotAnotherOneTaskUITests.release.xcconfig */;
			buildSettings = {
				INFOPLIST_FILE = NotAnotherOneTaskUITests/Info.plist;
				LD_RUNPATH_SEARCH_PATHS = "$(inherited) @executable_path/Frameworks @loader_path/Frameworks";
				PRODUCT_BUNDLE_IDENTIFIER = Minroff.NotAnotherOneTaskUITests;
				PRODUCT_NAME = "$(TARGET_NAME)";
				TEST_TARGET_NAME = NotAnotherOneTask;
			};
			name = Release;
		};
/* End XCBuildConfiguration section */

/* Begin XCConfigurationList section */
		AD76F0551D5D004C001A3449 /* Build configuration list for PBXProject "NotAnotherOneTask" */ = {
			isa = XCConfigurationList;
			buildConfigurations = (
				AD76F0821D5D004C001A3449 /* Debug */,
				AD76F0831D5D004C001A3449 /* Release */,
			);
			defaultConfigurationIsVisible = 0;
			defaultConfigurationName = Release;
		};
		AD76F0841D5D004C001A3449 /* Build configuration list for PBXNativeTarget "NotAnotherOneTask" */ = {
			isa = XCConfigurationList;
			buildConfigurations = (
				AD76F0851D5D004C001A3449 /* Debug */,
				AD76F0861D5D004C001A3449 /* Release */,
			);
			defaultConfigurationIsVisible = 0;
			defaultConfigurationName = Release;
		};
		AD76F0871D5D004C001A3449 /* Build configuration list for PBXNativeTarget "NotAnotherOneTaskTests" */ = {
			isa = XCConfigurationList;
			buildConfigurations = (
				AD76F0881D5D004C001A3449 /* Debug */,
				AD76F0891D5D004C001A3449 /* Release */,
			);
			defaultConfigurationIsVisible = 0;
			defaultConfigurationName = Release;
		};
		AD76F08A1D5D004C001A3449 /* Build configuration list for PBXNativeTarget "NotAnotherOneTaskUITests" */ = {
			isa = XCConfigurationList;
			buildConfigurations = (
				AD76F08B1D5D004C001A3449 /* Debug */,
				AD76F08C1D5D004C001A3449 /* Release */,
			);
			defaultConfigurationIsVisible = 0;
			defaultConfigurationName = Release;
		};
/* End XCConfigurationList section */
	};
	rootObject = AD76F0521D5D004C001A3449 /* Project object */;
}
